
Microsoft Visual Studio Solution File, Format Version 12.00
# Visual Studio Version 17
VisualStudioVersion = 17.9.34728.123
MinimumVisualStudioVersion = 10.0.40219.1
Project("{FAE04EC0-301F-11D3-BF4B-00C04F79EFBC}") = "csharp-typesystem-snacks", "csharp-typesystem-snacks\csharp-typesystem-snacks.csproj", "{8DBA96C6-42DB-4400-BE47-248003F0F4B6}"
EndProject
Global
	GlobalSection(SolutionConfigurationPlatforms) = preSolution
		Debug|Any CPU = Debug|Any CPU
		Release|Any CPU = Release|Any CPU
	EndGlobalSection
	GlobalSection(ProjectConfigurationPlatforms) = postSolution
		{8DBA96C6-42DB-4400-BE47-248003F0F4B6}.Debug|Any CPU.ActiveCfg = Debug|Any CPU
		{8DBA96C6-42DB-4400-BE47-248003F0F4B6}.Debug|Any CPU.Build.0 = Debug|Any CPU
		{8DBA96C6-42DB-4400-BE47-248003F0F4B6}.Release|Any CPU.ActiveCfg = Release|Any CPU
		{8DBA96C6-42DB-4400-BE47-248003F0F4B6}.Release|Any CPU.Build.0 = Release|Any CPU
	EndGlobalSection
	GlobalSection(SolutionProperties) = preSolution
		HideSolutionNode = FALSE
	EndGlobalSection
	GlobalSection(ExtensibilityGlobals) = postSolution
		SolutionGuid = {3941EA27-B051-459A-9C0D-2D4C63D1D747}
	EndGlobalSection
EndGlobal
